# This file is autogenerated, do not edit; changes may be undone by the next 'dep ensure'.


[[projects]]
  digest = "1:27073ebe2bd8f89641703592408be1a39d3c691405802f892496d5fb48dbb4bd"
  name = "github.com/clbanning/x2j"
  packages = ["."]
  pruneopts = "UT"
  revision = "8514236bc68ead794076e8ad386351dda45e69c4"
  version = "1.1"

[[projects]]
  branch = "master"
  digest = "1:afaf9ee881b24a9d3bc7b1dbcb2bfb695512140e314725ea44f5c044761b466a"
  name = "github.com/stretchr/codecs"
  packages = [
    ".",
    "bson",
    "constants",
    "csv",
    "json",
    "jsonp",
    "msgpack",
    "services",
    "xml",
  ]
  pruneopts = "UT"
  revision = "04a5b1e1910de7aaf00e1d4419d2508247fba1b4"

[[projects]]
  branch = "master"
  digest = "1:af32a24f2b2694cc707a43133c3a5b6c379220628ffa17b2ee5b6e2317d9a6f2"
  name = "github.com/stretchr/gomniauth"
  packages = [
    ".",
    "common",
    "oauth2",
    "providers/github",
  ]
  pruneopts = "UT"
  revision = "4b6c822be2eb64551618722ff80cecde4d63d9be"

[[projects]]
  digest = "1:ac83cf90d08b63ad5f7e020ef480d319ae890c208f8524622a2f3136e2686b02"
  name = "github.com/stretchr/objx"
  packages = ["."]
  pruneopts = "UT"
  revision = "477a77ecc69700c7cdeb1fa9e129548e1c1c393c"
  version = "v0.1.1"

[[projects]]
  branch = "master"
  digest = "1:b7706d89ae0383d619523c08d219b7d1520ac2e4d47c330f2d6230beb579f980"
  name = "github.com/stretchr/signature"
  packages = ["."]
  pruneopts = "UT"
  revision = "168b2a1e1b562bf381d47471e31f5979a2a51cd5"

[[projects]]
  branch = "master"
  digest = "1:f67d2c164104ee044e71af7d9e21bbaa60a6227b980e6e23a0c472eeed1eb689"
  name = "github.com/stretchr/stew"
  packages = ["strings"]
  pruneopts = "UT"
  revision = "80ef0842b48b329a6120607c817a85aff5a2ec71"

[[projects]]
  branch = "master"
  digest = "1:e28c20d2fd1c55d986738dcb8cdc3036a5360c1f138be92f32971355335644ff"
  name = "github.com/stretchr/tracer"
  packages = ["."]
  pruneopts = "UT"
  revision = "66d3696bba973e1697f7d68413b3f19c6d6e2a7c"

[[projects]]
  digest = "1:03aa6e485e528acb119fb32901cf99582c380225fc7d5a02758e08b180cb56c3"
  name = "github.com/ugorji/go"
  packages = ["codec"]
  pruneopts = "UT"
  revision = "b4c50a2b199d93b13dc15e78929cfb23bfdf21ab"
  version = "v1.1.1"

[[projects]]
  branch = "v2"
  digest = "1:b814124e2edb5d5a2d77699e8322f5e2862cb78054148ae9a210b2682276b41c"
  name = "gopkg.in/mgo.v2"
  packages = [
    "bson",
    "internal/json",
  ]
  pruneopts = "UT"
  revision = "9856a29383ce1c59f308dd1cf0363a79b5bef6b5"

[solve-meta]
  analyzer-name = "dep"
  analyzer-version = 1
  input-imports = [
    "github.com/stretchr/gomniauth",
    "github.com/stretchr/gomniauth/oauth2",
    "github.com/stretchr/gomniauth/providers/github",
    "github.com/stretchr/objx",
    "github.com/stretchr/signature",
  ]
  solver-name = "gps-cdcl"
  solver-version = 1
